
Microsoft Visual Studio Solution File, Format Version 12.00
# Visual Studio Version 17
VisualStudioVersion = 17.10.35013.160
MinimumVisualStudioVersion = 10.0.40219.1
Project("{FAE04EC0-301F-11D3-BF4B-00C04F79EFBC}") = "ecommerce", "ecommerce.csproj", "{25209CEC-ECC1-4D18-AA77-F851E290A6E4}"
EndProject
Global
	GlobalSection(SolutionConfigurationPlatforms) = preSolution
		Debug|Any CPU = Debug|Any CPU
		Release|Any CPU = Release|Any CPU
	EndGlobalSection
	GlobalSection(ProjectConfigurationPlatforms) = postSolution
		{25209CEC-ECC1-4D18-AA77-F851E290A6E4}.Debug|Any CPU.ActiveCfg = Debug|Any CPU
		{25209CEC-ECC1-4D18-AA77-F851E290A6E4}.Debug|Any CPU.Build.0 = Debug|Any CPU
		{25209CEC-ECC1-4D18-AA77-F851E290A6E4}.Release|Any CPU.ActiveCfg = Release|Any CPU
		{25209CEC-ECC1-4D18-AA77-F851E290A6E4}.Release|Any CPU.Build.0 = Release|Any CPU
	EndGlobalSection
	GlobalSection(SolutionProperties) = preSolution
		HideSolutionNode = FALSE
	EndGlobalSection
	GlobalSection(ExtensibilityGlobals) = postSolution
		SolutionGuid = {AA60C469-B09C-48E2-A5B5-09F456A04A00}
	EndGlobalSection
EndGlobal
